
Microsoft Visual Studio Solution File, Format Version 12.00
# Visual Studio Version 16
VisualStudioVersion = 16.0.30907.101
MinimumVisualStudioVersion = 10.0.40219.1
Project("{9A19103F-16F7-4668-BE54-9A1E7A4F7556}") = "HausaufgabenFebruar", "HausaufgabenFebruar\HausaufgabenFebruar.csproj", "{6B226720-18E3-452B-B664-1C9FB383F783}"
EndProject
Project("{9A19103F-16F7-4668-BE54-9A1E7A4F7556}") = "Aufgabe1", "Aufgabe1\Aufgabe1.csproj", "{B0E8031A-6997-49C8-A1B5-0E2BDA632F02}"
EndProject
Project("{9A19103F-16F7-4668-BE54-9A1E7A4F7556}") = "Aufgabe1Tests", "Aufgabe1Tests\Aufgabe1Tests.csproj", "{08495C6F-84E7-4671-9B57-A39B6CBA5984}"
EndProject
Project("{9A19103F-16F7-4668-BE54-9A1E7A4F7556}") = "Aufgabe3", "Aufgabe3\Aufgabe3.csproj", "{94E60B2B-FA9B-463D-9759-89D034B61E78}"
EndProject
Project("{9A19103F-16F7-4668-BE54-9A1E7A4F7556}") = "Aufgabe4", "Aufgabe4\Aufgabe4.csproj", "{BD655A03-5803-4231-A1FC-86B224F0C49C}"
EndProject
Project("{FAE04EC0-301F-11D3-BF4B-00C04F79EFBC}") = "Aufgabe6", "Aufgabe6\Aufgabe6.csproj", "{B2BB4D05-5C3A-4966-BD18-585C72661D87}"
EndProject
Global
	GlobalSection(SolutionConfigurationPlatforms) = preSolution
		Debug|Any CPU = Debug|Any CPU
		Release|Any CPU = Release|Any CPU
	EndGlobalSection
	GlobalSection(ProjectConfigurationPlatforms) = postSolution
		{6B226720-18E3-452B-B664-1C9FB383F783}.Debug|Any CPU.ActiveCfg = Debug|Any CPU
		{6B226720-18E3-452B-B664-1C9FB383F783}.Debug|Any CPU.Build.0 = Debug|Any CPU
		{6B226720-18E3-452B-B664-1C9FB383F783}.Release|Any CPU.ActiveCfg = Release|Any CPU
		{6B226720-18E3-452B-B664-1C9FB383F783}.Release|Any CPU.Build.0 = Release|Any CPU
		{B0E8031A-6997-49C8-A1B5-0E2BDA632F02}.Debug|Any CPU.ActiveCfg = Debug|Any CPU
		{B0E8031A-6997-49C8-A1B5-0E2BDA632F02}.Debug|Any CPU.Build.0 = Debug|Any CPU
		{B0E8031A-6997-49C8-A1B5-0E2BDA632F02}.Release|Any CPU.ActiveCfg = Release|Any CPU
		{B0E8031A-6997-49C8-A1B5-0E2BDA632F02}.Release|Any CPU.Build.0 = Release|Any CPU
		{08495C6F-84E7-4671-9B57-A39B6CBA5984}.Debug|Any CPU.ActiveCfg = Debug|Any CPU
		{08495C6F-84E7-4671-9B57-A39B6CBA5984}.Debug|Any CPU.Build.0 = Debug|Any CPU
		{08495C6F-84E7-4671-9B57-A39B6CBA5984}.Release|Any CPU.ActiveCfg = Release|Any CPU
		{08495C6F-84E7-4671-9B57-A39B6CBA5984}.Release|Any CPU.Build.0 = Release|Any CPU
		{94E60B2B-FA9B-463D-9759-89D034B61E78}.Debug|Any CPU.ActiveCfg = Debug|Any CPU
		{94E60B2B-FA9B-463D-9759-89D034B61E78}.Debug|Any CPU.Build.0 = Debug|Any CPU
		{94E60B2B-FA9B-463D-9759-89D034B61E78}.Release|Any CPU.ActiveCfg = Release|Any CPU
		{94E60B2B-FA9B-463D-9759-89D034B61E78}.Release|Any CPU.Build.0 = Release|Any CPU
		{BD655A03-5803-4231-A1FC-86B224F0C49C}.Debug|Any CPU.ActiveCfg = Debug|Any CPU
		{BD655A03-5803-4231-A1FC-86B224F0C49C}.Debug|Any CPU.Build.0 = Debug|Any CPU
		{BD655A03-5803-4231-A1FC-86B224F0C49C}.Release|Any CPU.ActiveCfg = Release|Any CPU
		{BD655A03-5803-4231-A1FC-86B224F0C49C}.Release|Any CPU.Build.0 = Release|Any CPU
		{B2BB4D05-5C3A-4966-BD18-585C72661D87}.Debug|Any CPU.ActiveCfg = Debug|Any CPU
		{B2BB4D05-5C3A-4966-BD18-585C72661D87}.Debug|Any CPU.Build.0 = Debug|Any CPU
		{B2BB4D05-5C3A-4966-BD18-585C72661D87}.Release|Any CPU.ActiveCfg = Release|Any CPU
		{B2BB4D05-5C3A-4966-BD18-585C72661D87}.Release|Any CPU.Build.0 = Release|Any CPU
	EndGlobalSection
	GlobalSection(SolutionProperties) = preSolution
		HideSolutionNode = FALSE
	EndGlobalSection
	GlobalSection(ExtensibilityGlobals) = postSolution
		SolutionGuid = {AAA750F1-EA80-4D26-8E57-EAF58C7A002E}
	EndGlobalSection
EndGlobal
